// !$*UTF8*$!
{
	archiveVersion = 1;
	classes = {
	};
	objectVersion = 48;
	objects = {

/* Begin PBXBuildFile section */
		8C4F80501FFCD1F000658E26 /* XSViewController.m in Sources */ = {isa = PBXBuildFile; fileRef = 8C4F804F1FFCD1F000658E26 /* XSViewController.m */; };
		8C4F80531FFCD2A600658E26 /* XSNavigationController.m in Sources */ = {isa = PBXBuildFile; fileRef = 8C4F80521FFCD2A600658E26 /* XSNavigationController.m */; };
		8C4F805B1FFCDA9E00658E26 /* XSWebViewController.m in Sources */ = {isa = PBXBuildFile; fileRef = 8C4F80591FFCDA9E00658E26 /* XSWebViewController.m */; };
		8C4F80611FFCDEAB00658E26 /* XSTableViewController.m in Sources */ = {isa = PBXBuildFile; fileRef = 8C4F80601FFCDEAB00658E26 /* XSTableViewController.m */; };
		8CB4C12E1FEB9A1B00D71F6B /* main.m in Sources */ = {isa = PBXBuildFile; fileRef = 8CB4C1281FEB9A1B00D71F6B /* main.m */; };
		8CB4C12F1FEB9A1B00D71F6B /* Assets.xcassets in Resources */ = {isa = PBXBuildFile; fileRef = 8CB4C1291FEB9A1B00D71F6B /* Assets.xcassets */; };
		8CB4C1301FEB9A1B00D71F6B /* Info.plist in Resources */ = {isa = PBXBuildFile; fileRef = 8CB4C12C1FEB9A1B00D71F6B /* Info.plist */; };
		8CB4C1331FEB9A8800D71F6B /* AppDelegate.m in Sources */ = {isa = PBXBuildFile; fileRef = 8CB4C1321FEB9A8800D71F6B /* AppDelegate.m */; };
		8CB4C1371FEBAC8100D71F6B /* XSNetworkingManager.m in Sources */ = {isa = PBXBuildFile; fileRef = 8CB4C1361FEBAC8100D71F6B /* XSNetworkingManager.m */; };
		8CDB5C721FD145AD00187FAD /* LaunchScreen.storyboard in Resources */ = {isa = PBXBuildFile; fileRef = 8CDB5C701FD145AD00187FAD /* LaunchScreen.storyboard */; };
		8CDB5C7F1FD145AD00187FAD /* XSFrameworkTests.m in Sources */ = {isa = PBXBuildFile; fileRef = 8CDB5C7E1FD145AD00187FAD /* XSFrameworkTests.m */; };
		8CDB5C8A1FD145AD00187FAD /* XSFrameworkUITests.m in Sources */ = {isa = PBXBuildFile; fileRef = 8CDB5C891FD145AD00187FAD /* XSFrameworkUITests.m */; };
		8CDB5CA01FD1461F00187FAD /* XSMainTabBarController.m in Sources */ = {isa = PBXBuildFile; fileRef = 8CDB5C9F1FD1461F00187FAD /* XSMainTabBarController.m */; };
		8CDB5CA71FD153BA00187FAD /* XSNewFeatureController.m in Sources */ = {isa = PBXBuildFile; fileRef = 8CDB5CA61FD153BA00187FAD /* XSNewFeatureController.m */; };
		8CDB5CAA1FD153F100187FAD /* XSNewFeatureLayout.m in Sources */ = {isa = PBXBuildFile; fileRef = 8CDB5CA91FD153F100187FAD /* XSNewFeatureLayout.m */; };
		8CDB5CB01FD158CD00187FAD /* XSNewFeatureCell.m in Sources */ = {isa = PBXBuildFile; fileRef = 8CDB5CAF1FD158CD00187FAD /* XSNewFeatureCell.m */; };
		8CEE3AE21FD4DBF30016B712 /* XSHomeViewController.m in Sources */ = {isa = PBXBuildFile; fileRef = 8CEE3AE11FD4DBF30016B712 /* XSHomeViewController.m */; };
		8CEE3AE51FD4DBFA0016B712 /* XSMineViewController.m in Sources */ = {isa = PBXBuildFile; fileRef = 8CEE3AE41FD4DBFA0016B712 /* XSMineViewController.m */; };
		8CEE3AE71FD4DCEA0016B712 /* main.json in Resources */ = {isa = PBXBuildFile; fileRef = 8CEE3AE61FD4DCEA0016B712 /* main.json */; };
		8CF49B7E1FFDC4FB003E7370 /* XSNinthPalaceView.m in Sources */ = {isa = PBXBuildFile; fileRef = 8CF49B7D1FFDC4FB003E7370 /* XSNinthPalaceView.m */; };
		8CF49B811FFDCA6A003E7370 /* XSBannerView.m in Sources */ = {isa = PBXBuildFile; fileRef = 8CF49B801FFDCA6A003E7370 /* XSBannerView.m */; };
		C0E1B87D60F59BA0869439D3 /* Pods_XSFrameworkTests.framework in Frameworks */ = {isa = PBXBuildFile; fileRef = E19989262750250095BAFDCC /* Pods_XSFrameworkTests.framework */; };
		C2C836EC304C3C6437BD4B07 /* Pods_XSFramework.framework in Frameworks */ = {isa = PBXBuildFile; fileRef = 9976A2E7B65E09387B88453B /* Pods_XSFramework.framework */; };
		FAF4D81E5C0D089CD88D03D1 /* Pods_XSFrameworkUITests.framework in Frameworks */ = {isa = PBXBuildFile; fileRef = 4FE5A460EF7184CAAF8CB5A0 /* Pods_XSFrameworkUITests.framework */; };
/* End PBXBuildFile section */

/* Begin PBXContainerItemProxy section */
		8CDB5C7B1FD145AD00187FAD /* PBXContainerItemProxy */ = {
			isa = PBXContainerItemProxy;
			containerPortal = 8CDB5C5A1FD145AD00187FAD /* Project object */;
			proxyType = 1;
			remoteGlobalIDString = 8CDB5C611FD145AD00187FAD;
			remoteInfo = XSFramework;
		};
		8CDB5C861FD145AD00187FAD /* PBXContainerItemProxy */ = {
			isa = PBXContainerItemProxy;
			containerPortal = 8CDB5C5A1FD145AD00187FAD /* Project object */;
			proxyType = 1;
			remoteGlobalIDString = 8CDB5C611FD145AD00187FAD;
			remoteInfo = XSFramework;
		};
/* End PBXContainerItemProxy section */

/* Begin PBXFileReference section */
		0E0D1FEC4DB9619C3F8DCF28 /* Pods-XSFramework.release.xcconfig */ = {isa = PBXFileReference; includeInIndex = 1; lastKnownFileType = text.xcconfig; name = "Pods-XSFramework.release.xcconfig"; path = "Pods/Target Support Files/Pods-XSFramework/Pods-XSFramework.release.xcconfig"; sourceTree = "<group>"; };
		2F189B082FF9FED5A73D4E4B /* Pods-XSFramework.debug.xcconfig */ = {isa = PBXFileReference; includeInIndex = 1; lastKnownFileType = text.xcconfig; name = "Pods-XSFramework.debug.xcconfig"; path = "Pods/Target Support Files/Pods-XSFramework/Pods-XSFramework.debug.xcconfig"; sourceTree = "<group>"; };
		4FE5A460EF7184CAAF8CB5A0 /* Pods_XSFrameworkUITests.framework */ = {isa = PBXFileReference; explicitFileType = wrapper.framework; includeInIndex = 0; path = Pods_XSFrameworkUITests.framework; sourceTree = BUILT_PRODUCTS_DIR; };
		8C4F804E1FFCD1F000658E26 /* XSViewController.h */ = {isa = PBXFileReference; lastKnownFileType = sourcecode.c.h; path = XSViewController.h; sourceTree = "<group>"; };
		8C4F804F1FFCD1F000658E26 /* XSViewController.m */ = {isa = PBXFileReference; lastKnownFileType = sourcecode.c.objc; path = XSViewController.m; sourceTree = "<group>"; };
		8C4F80511FFCD2A600658E26 /* XSNavigationController.h */ = {isa = PBXFileReference; fileEncoding = 4; lastKnownFileType = sourcecode.c.h; path = XSNavigationController.h; sourceTree = "<group>"; };
		8C4F80521FFCD2A600658E26 /* XSNavigationController.m */ = {isa = PBXFileReference; fileEncoding = 4; lastKnownFileType = sourcecode.c.objc; path = XSNavigationController.m; sourceTree = "<group>"; };
		8C4F80591FFCDA9E00658E26 /* XSWebViewController.m */ = {isa = PBXFileReference; fileEncoding = 4; lastKnownFileType = sourcecode.c.objc; path = XSWebViewController.m; sourceTree = "<group>"; };
		8C4F805A1FFCDA9E00658E26 /* XSWebViewController.h */ = {isa = PBXFileReference; fileEncoding = 4; lastKnownFileType = sourcecode.c.h; path = XSWebViewController.h; sourceTree = "<group>"; };
		8C4F805F1FFCDEAB00658E26 /* XSTableViewController.h */ = {isa = PBXFileReference; lastKnownFileType = sourcecode.c.h; path = XSTableViewController.h; sourceTree = "<group>"; };
		8C4F80601FFCDEAB00658E26 /* XSTableViewController.m */ = {isa = PBXFileReference; lastKnownFileType = sourcecode.c.objc; path = XSTableViewController.m; sourceTree = "<group>"; };
		8CB4C1281FEB9A1B00D71F6B /* main.m */ = {isa = PBXFileReference; fileEncoding = 4; lastKnownFileType = sourcecode.c.objc; name = main.m; path = XSFramework/main.m; sourceTree = SOURCE_ROOT; };
		8CB4C1291FEB9A1B00D71F6B /* Assets.xcassets */ = {isa = PBXFileReference; lastKnownFileType = folder.assetcatalog; name = Assets.xcassets; path = XSFramework/Assets.xcassets; sourceTree = SOURCE_ROOT; };
		8CB4C12B1FEB9A1B00D71F6B /* XSFramework_PrefixHeader.pch */ = {isa = PBXFileReference; fileEncoding = 4; lastKnownFileType = sourcecode.c.h; name = XSFramework_PrefixHeader.pch; path = XSFramework/XSFramework_PrefixHeader.pch; sourceTree = SOURCE_ROOT; };
		8CB4C12C1FEB9A1B00D71F6B /* Info.plist */ = {isa = PBXFileReference; fileEncoding = 4; lastKnownFileType = text.plist.xml; name = Info.plist; path = XSFramework/Info.plist; sourceTree = SOURCE_ROOT; };
		8CB4C1311FEB9A8800D71F6B /* AppDelegate.h */ = {isa = PBXFileReference; fileEncoding = 4; lastKnownFileType = sourcecode.c.h; name = AppDelegate.h; path = XSFramework/AppDelegate.h; sourceTree = SOURCE_ROOT; };
		8CB4C1321FEB9A8800D71F6B /* AppDelegate.m */ = {isa = PBXFileReference; fileEncoding = 4; lastKnownFileType = sourcecode.c.objc; name = AppDelegate.m; path = XSFramework/AppDelegate.m; sourceTree = SOURCE_ROOT; };
		8CB4C1351FEBAC8100D71F6B /* XSNetworkingManager.h */ = {isa = PBXFileReference; lastKnownFileType = sourcecode.c.h; path = XSNetworkingManager.h; sourceTree = "<group>"; };
		8CB4C1361FEBAC8100D71F6B /* XSNetworkingManager.m */ = {isa = PBXFileReference; lastKnownFileType = sourcecode.c.objc; path = XSNetworkingManager.m; sourceTree = "<group>"; };
		8CDB5C621FD145AD00187FAD /* XSFramework.app */ = {isa = PBXFileReference; explicitFileType = wrapper.application; includeInIndex = 0; path = XSFramework.app; sourceTree = BUILT_PRODUCTS_DIR; };
		8CDB5C711FD145AD00187FAD /* Base */ = {isa = PBXFileReference; lastKnownFileType = file.storyboard; name = Base; path = Base.lproj/LaunchScreen.storyboard; sourceTree = "<group>"; };
		8CDB5C7A1FD145AD00187FAD /* XSFrameworkTests.xctest */ = {isa = PBXFileReference; explicitFileType = wrapper.cfbundle; includeInIndex = 0; path = XSFrameworkTests.xctest; sourceTree = BUILT_PRODUCTS_DIR; };
		8CDB5C7E1FD145AD00187FAD /* XSFrameworkTests.m */ = {isa = PBXFileReference; lastKnownFileType = sourcecode.c.objc; path = XSFrameworkTests.m; sourceTree = "<group>"; };
		8CDB5C801FD145AD00187FAD /* Info.plist */ = {isa = PBXFileReference; lastKnownFileType = text.plist.xml; path = Info.plist; sourceTree = "<group>"; };
		8CDB5C851FD145AD00187FAD /* XSFrameworkUITests.xctest */ = {isa = PBXFileReference; explicitFileType = wrapper.cfbundle; includeInIndex = 0; path = XSFrameworkUITests.xctest; sourceTree = BUILT_PRODUCTS_DIR; };
		8CDB5C891FD145AD00187FAD /* XSFrameworkUITests.m */ = {isa = PBXFileReference; lastKnownFileType = sourcecode.c.objc; path = XSFrameworkUITests.m; sourceTree = "<group>"; };
		8CDB5C8B1FD145AD00187FAD /* Info.plist */ = {isa = PBXFileReference; lastKnownFileType = text.plist.xml; path = Info.plist; sourceTree = "<group>"; };
		8CDB5C9E1FD1461F00187FAD /* XSMainTabBarController.h */ = {isa = PBXFileReference; lastKnownFileType = sourcecode.c.h; path = XSMainTabBarController.h; sourceTree = "<group>"; };
		8CDB5C9F1FD1461F00187FAD /* XSMainTabBarController.m */ = {isa = PBXFileReference; lastKnownFileType = sourcecode.c.objc; path = XSMainTabBarController.m; sourceTree = "<group>"; };
		8CDB5CA51FD153BA00187FAD /* XSNewFeatureController.h */ = {isa = PBXFileReference; lastKnownFileType = sourcecode.c.h; path = XSNewFeatureController.h; sourceTree = "<group>"; };
		8CDB5CA61FD153BA00187FAD /* XSNewFeatureController.m */ = {isa = PBXFileReference; lastKnownFileType = sourcecode.c.objc; path = XSNewFeatureController.m; sourceTree = "<group>"; };
		8CDB5CA81FD153F000187FAD /* XSNewFeatureLayout.h */ = {isa = PBXFileReference; lastKnownFileType = sourcecode.c.h; path = XSNewFeatureLayout.h; sourceTree = "<group>"; };
		8CDB5CA91FD153F100187FAD /* XSNewFeatureLayout.m */ = {isa = PBXFileReference; lastKnownFileType = sourcecode.c.objc; path = XSNewFeatureLayout.m; sourceTree = "<group>"; };
		8CDB5CAE1FD158CD00187FAD /* XSNewFeatureCell.h */ = {isa = PBXFileReference; lastKnownFileType = sourcecode.c.h; path = XSNewFeatureCell.h; sourceTree = "<group>"; };
		8CDB5CAF1FD158CD00187FAD /* XSNewFeatureCell.m */ = {isa = PBXFileReference; lastKnownFileType = sourcecode.c.objc; path = XSNewFeatureCell.m; sourceTree = "<group>"; };
		8CEE3AE01FD4DBF30016B712 /* XSHomeViewController.h */ = {isa = PBXFileReference; lastKnownFileType = sourcecode.c.h; path = XSHomeViewController.h; sourceTree = "<group>"; };
		8CEE3AE11FD4DBF30016B712 /* XSHomeViewController.m */ = {isa = PBXFileReference; lastKnownFileType = sourcecode.c.objc; path = XSHomeViewController.m; sourceTree = "<group>"; };
		8CEE3AE31FD4DBFA0016B712 /* XSMineViewController.h */ = {isa = PBXFileReference; lastKnownFileType = sourcecode.c.h; path = XSMineViewController.h; sourceTree = "<group>"; };
		8CEE3AE41FD4DBFA0016B712 /* XSMineViewController.m */ = {isa = PBXFileReference; lastKnownFileType = sourcecode.c.objc; path = XSMineViewController.m; sourceTree = "<group>"; };
		8CEE3AE61FD4DCEA0016B712 /* main.json */ = {isa = PBXFileReference; fileEncoding = 4; lastKnownFileType = text.json; path = main.json; sourceTree = "<group>"; };
		8CF49B7C1FFDC4FB003E7370 /* XSNinthPalaceView.h */ = {isa = PBXFileReference; lastKnownFileType = sourcecode.c.h; path = XSNinthPalaceView.h; sourceTree = "<group>"; };
		8CF49B7D1FFDC4FB003E7370 /* XSNinthPalaceView.m */ = {isa = PBXFileReference; lastKnownFileType = sourcecode.c.objc; path = XSNinthPalaceView.m; sourceTree = "<group>"; };
		8CF49B7F1FFDCA6A003E7370 /* XSBannerView.h */ = {isa = PBXFileReference; lastKnownFileType = sourcecode.c.h; path = XSBannerView.h; sourceTree = "<group>"; };
		8CF49B801FFDCA6A003E7370 /* XSBannerView.m */ = {isa = PBXFileReference; lastKnownFileType = sourcecode.c.objc; path = XSBannerView.m; sourceTree = "<group>"; };
		9976A2E7B65E09387B88453B /* Pods_XSFramework.framework */ = {isa = PBXFileReference; explicitFileType = wrapper.framework; includeInIndex = 0; path = Pods_XSFramework.framework; sourceTree = BUILT_PRODUCTS_DIR; };
		BB2E58A895FEF6DCBEE95163 /* Pods-XSFrameworkUITests.testdebug.xcconfig */ = {isa = PBXFileReference; includeInIndex = 1; lastKnownFileType = text.xcconfig; name = "Pods-XSFrameworkUITests.testdebug.xcconfig"; path = "Pods/Target Support Files/Pods-XSFrameworkUITests/Pods-XSFrameworkUITests.testdebug.xcconfig"; sourceTree = "<group>"; };
		D7BA0B36539C3464402EE546 /* Pods-XSFrameworkTests.release.xcconfig */ = {isa = PBXFileReference; includeInIndex = 1; lastKnownFileType = text.xcconfig; name = "Pods-XSFrameworkTests.release.xcconfig"; path = "Pods/Target Support Files/Pods-XSFrameworkTests/Pods-XSFrameworkTests.release.xcconfig"; sourceTree = "<group>"; };
		E19989262750250095BAFDCC /* Pods_XSFrameworkTests.framework */ = {isa = PBXFileReference; explicitFileType = wrapper.framework; includeInIndex = 0; path = Pods_XSFrameworkTests.framework; sourceTree = BUILT_PRODUCTS_DIR; };
		E1ADD35CA61730F9AE7789BD /* Pods-XSFrameworkUITests.debug.xcconfig */ = {isa = PBXFileReference; includeInIndex = 1; lastKnownFileType = text.xcconfig; name = "Pods-XSFrameworkUITests.debug.xcconfig"; path = "Pods/Target Support Files/Pods-XSFrameworkUITests/Pods-XSFrameworkUITests.debug.xcconfig"; sourceTree = "<group>"; };
		E9007BD01940B485BD4E7E1F /* Pods-XSFramework.testdebug.xcconfig */ = {isa = PBXFileReference; includeInIndex = 1; lastKnownFileType = text.xcconfig; name = "Pods-XSFramework.testdebug.xcconfig"; path = "Pods/Target Support Files/Pods-XSFramework/Pods-XSFramework.testdebug.xcconfig"; sourceTree = "<group>"; };
		F0FF9EAC538AD7CF2D5CF00B /* Pods-XSFrameworkUITests.release.xcconfig */ = {isa = PBXFileReference; includeInIndex = 1; lastKnownFileType = text.xcconfig; name = "Pods-XSFrameworkUITests.release.xcconfig"; path = "Pods/Target Support Files/Pods-XSFrameworkUITests/Pods-XSFrameworkUITests.release.xcconfig"; sourceTree = "<group>"; };
		F19286BA8D769874CC17242E /* Pods-XSFrameworkTests.testdebug.xcconfig */ = {isa = PBXFileReference; includeInIndex = 1; lastKnownFileType = text.xcconfig; name = "Pods-XSFrameworkTests.testdebug.xcconfig"; path = "Pods/Target Support Files/Pods-XSFrameworkTests/Pods-XSFrameworkTests.testdebug.xcconfig"; sourceTree = "<group>"; };
		FDBE068B6B9B272FA43C82FF /* Pods-XSFrameworkTests.debug.xcconfig */ = {isa = PBXFileReference; includeInIndex = 1; lastKnownFileType = text.xcconfig; name = "Pods-XSFrameworkTests.debug.xcconfig"; path = "Pods/Target Support Files/Pods-XSFrameworkTests/Pods-XSFrameworkTests.debug.xcconfig"; sourceTree = "<group>"; };
/* End PBXFileReference section */

/* Begin PBXFrameworksBuildPhase section */
		8CDB5C5F1FD145AD00187FAD /* Frameworks */ = {
			isa = PBXFrameworksBuildPhase;
			buildActionMask = 2147483647;
			files = (
				C2C836EC304C3C6437BD4B07 /* Pods_XSFramework.framework in Frameworks */,
			);
			runOnlyForDeploymentPostprocessing = 0;
		};
		8CDB5C771FD145AD00187FAD /* Frameworks */ = {
			isa = PBXFrameworksBuildPhase;
			buildActionMask = 2147483647;
			files = (
				C0E1B87D60F59BA0869439D3 /* Pods_XSFrameworkTests.framework in Frameworks */,
			);
			runOnlyForDeploymentPostprocessing = 0;
		};
		8CDB5C821FD145AD00187FAD /* Frameworks */ = {
			isa = PBXFrameworksBuildPhase;
			buildActionMask = 2147483647;
			files = (
				FAF4D81E5C0D089CD88D03D1 /* Pods_XSFrameworkUITests.framework in Frameworks */,
			);
			runOnlyForDeploymentPostprocessing = 0;
		};
/* End PBXFrameworksBuildPhase section */

/* Begin PBXGroup section */
		8C4F804D1FFCD1E400658E26 /* BaseModule */ = {
			isa = PBXGroup;
			children = (
				8C4F80511FFCD2A600658E26 /* XSNavigationController.h */,
				8C4F80521FFCD2A600658E26 /* XSNavigationController.m */,
				8C4F804E1FFCD1F000658E26 /* XSViewController.h */,
				8C4F804F1FFCD1F000658E26 /* XSViewController.m */,
				8C4F805F1FFCDEAB00658E26 /* XSTableViewController.h */,
				8C4F80601FFCDEAB00658E26 /* XSTableViewController.m */,
				8C4F805A1FFCDA9E00658E26 /* XSWebViewController.h */,
				8C4F80591FFCDA9E00658E26 /* XSWebViewController.m */,
				8CF49B7C1FFDC4FB003E7370 /* XSNinthPalaceView.h */,
				8CF49B7D1FFDC4FB003E7370 /* XSNinthPalaceView.m */,
				8CF49B7F1FFDCA6A003E7370 /* XSBannerView.h */,
				8CF49B801FFDCA6A003E7370 /* XSBannerView.m */,
			);
			path = BaseModule;
			sourceTree = "<group>";
		};
		8CB4C1341FEBAC5F00D71F6B /* Libs */ = {
			isa = PBXGroup;
			children = (
				8CB4C1351FEBAC8100D71F6B /* XSNetworkingManager.h */,
				8CB4C1361FEBAC8100D71F6B /* XSNetworkingManager.m */,
			);
			path = Libs;
			sourceTree = "<group>";
		};
		8CDB5C591FD145AD00187FAD = {
			isa = PBXGroup;
			children = (
				8CDB5C641FD145AD00187FAD /* XSFramework */,
				8CDB5C7D1FD145AD00187FAD /* XSFrameworkTests */,
				8CDB5C881FD145AD00187FAD /* XSFrameworkUITests */,
				8CDB5C631FD145AD00187FAD /* Products */,
				D98513BDBF7F0AA01B8BC666 /* Pods */,
				FF1008B1831D3E8E8AD44BB8 /* Frameworks */,
			);
			sourceTree = "<group>";
		};
		8CDB5C631FD145AD00187FAD /* Products */ = {
			isa = PBXGroup;
			children = (
				8CDB5C621FD145AD00187FAD /* XSFramework.app */,
				8CDB5C7A1FD145AD00187FAD /* XSFrameworkTests.xctest */,
				8CDB5C851FD145AD00187FAD /* XSFrameworkUITests.xctest */,
			);
			name = Products;
			sourceTree = "<group>";
		};
		8CDB5C641FD145AD00187FAD /* XSFramework */ = {
			isa = PBXGroup;
			children = (
				8CB4C1341FEBAC5F00D71F6B /* Libs */,
				8CDB5C9B1FD145E700187FAD /* Classes */,
				8CB4C1311FEB9A8800D71F6B /* AppDelegate.h */,
				8CB4C1321FEB9A8800D71F6B /* AppDelegate.m */,
				8CDB5C701FD145AD00187FAD /* LaunchScreen.storyboard */,
				8CB4C1291FEB9A1B00D71F6B /* Assets.xcassets */,
				8CB4C12C1FEB9A1B00D71F6B /* Info.plist */,
				8CB4C1281FEB9A1B00D71F6B /* main.m */,
				8CB4C12B1FEB9A1B00D71F6B /* XSFramework_PrefixHeader.pch */,
			);
			path = XSFramework;
			sourceTree = "<group>";
		};
		8CDB5C7D1FD145AD00187FAD /* XSFrameworkTests */ = {
			isa = PBXGroup;
			children = (
				8CDB5C7E1FD145AD00187FAD /* XSFrameworkTests.m */,
				8CDB5C801FD145AD00187FAD /* Info.plist */,
			);
			path = XSFrameworkTests;
			sourceTree = "<group>";
		};
		8CDB5C881FD145AD00187FAD /* XSFrameworkUITests */ = {
			isa = PBXGroup;
			children = (
				8CDB5C891FD145AD00187FAD /* XSFrameworkUITests.m */,
				8CDB5C8B1FD145AD00187FAD /* Info.plist */,
			);
			path = XSFrameworkUITests;
			sourceTree = "<group>";
		};
		8CDB5C9B1FD145E700187FAD /* Classes */ = {
			isa = PBXGroup;
			children = (
				8C4F804D1FFCD1E400658E26 /* BaseModule */,
				8CDB5C9C1FD145E700187FAD /* MainModule */,
				8CEE3ADE1FD4DBE40016B712 /* HomeModule */,
				8CEE3ADF1FD4DBE40016B712 /* MineModule */,
			);
			path = Classes;
			sourceTree = "<group>";
		};
		8CDB5C9C1FD145E700187FAD /* MainModule */ = {
			isa = PBXGroup;
			children = (
				8CDB5CA41FD153A400187FAD /* NewFeature */,
				8CDB5C9E1FD1461F00187FAD /* XSMainTabBarController.h */,
				8CDB5C9F1FD1461F00187FAD /* XSMainTabBarController.m */,
				8CEE3AE61FD4DCEA0016B712 /* main.json */,
			);
			path = MainModule;
			sourceTree = "<group>";
		};
		8CDB5CA41FD153A400187FAD /* NewFeature */ = {
			isa = PBXGroup;
			children = (
				8CDB5CA51FD153BA00187FAD /* XSNewFeatureController.h */,
				8CDB5CA61FD153BA00187FAD /* XSNewFeatureController.m */,
				8CDB5CA81FD153F000187FAD /* XSNewFeatureLayout.h */,
				8CDB5CA91FD153F100187FAD /* XSNewFeatureLayout.m */,
				8CDB5CAE1FD158CD00187FAD /* XSNewFeatureCell.h */,
				8CDB5CAF1FD158CD00187FAD /* XSNewFeatureCell.m */,
			);
			path = NewFeature;
			sourceTree = "<group>";
		};
		8CEE3ADE1FD4DBE40016B712 /* HomeModule */ = {
			isa = PBXGroup;
			children = (
				8CEE3AE01FD4DBF30016B712 /* XSHomeViewController.h */,
				8CEE3AE11FD4DBF30016B712 /* XSHomeViewController.m */,
			);
			path = HomeModule;
			sourceTree = "<group>";
		};
		8CEE3ADF1FD4DBE40016B712 /* MineModule */ = {
			isa = PBXGroup;
			children = (
				8CEE3AE31FD4DBFA0016B712 /* XSMineViewController.h */,
				8CEE3AE41FD4DBFA0016B712 /* XSMineViewController.m */,
			);
			path = MineModule;
			sourceTree = "<group>";
		};
		D98513BDBF7F0AA01B8BC666 /* Pods */ = {
			isa = PBXGroup;
			children = (
				2F189B082FF9FED5A73D4E4B /* Pods-XSFramework.debug.xcconfig */,
				0E0D1FEC4DB9619C3F8DCF28 /* Pods-XSFramework.release.xcconfig */,
				FDBE068B6B9B272FA43C82FF /* Pods-XSFrameworkTests.debug.xcconfig */,
				D7BA0B36539C3464402EE546 /* Pods-XSFrameworkTests.release.xcconfig */,
				E1ADD35CA61730F9AE7789BD /* Pods-XSFrameworkUITests.debug.xcconfig */,
				F0FF9EAC538AD7CF2D5CF00B /* Pods-XSFrameworkUITests.release.xcconfig */,
				E9007BD01940B485BD4E7E1F /* Pods-XSFramework.testdebug.xcconfig */,
				F19286BA8D769874CC17242E /* Pods-XSFrameworkTests.testdebug.xcconfig */,
				BB2E58A895FEF6DCBEE95163 /* Pods-XSFrameworkUITests.testdebug.xcconfig */,
			);
			name = Pods;
			sourceTree = "<group>";
		};
		FF1008B1831D3E8E8AD44BB8 /* Frameworks */ = {
			isa = PBXGroup;
			children = (
				9976A2E7B65E09387B88453B /* Pods_XSFramework.framework */,
				E19989262750250095BAFDCC /* Pods_XSFrameworkTests.framework */,
				4FE5A460EF7184CAAF8CB5A0 /* Pods_XSFrameworkUITests.framework */,
			);
			name = Frameworks;
			sourceTree = "<group>";
		};
/* End PBXGroup section */

/* Begin PBXNativeTarget section */
		8CDB5C611FD145AD00187FAD /* XSFramework */ = {
			isa = PBXNativeTarget;
			buildConfigurationList = 8CDB5C8E1FD145AD00187FAD /* Build configuration list for PBXNativeTarget "XSFramework" */;
			buildPhases = (
				3B41F669B643A5072D83F752 /* [CP] Check Pods Manifest.lock */,
				8CDB5C5E1FD145AD00187FAD /* Sources */,
				8CDB5C5F1FD145AD00187FAD /* Frameworks */,
				8CDB5C601FD145AD00187FAD /* Resources */,
				68205D9CF921FCC39A2E319F /* [CP] Embed Pods Frameworks */,
				EB33CA288CEEED0DA385E12A /* [CP] Copy Pods Resources */,
			);
			buildRules = (
			);
			dependencies = (
			);
			name = XSFramework;
			productName = XSFramework;
			productReference = 8CDB5C621FD145AD00187FAD /* XSFramework.app */;
			productType = "com.apple.product-type.application";
		};
		8CDB5C791FD145AD00187FAD /* XSFrameworkTests */ = {
			isa = PBXNativeTarget;
			buildConfigurationList = 8CDB5C911FD145AD00187FAD /* Build configuration list for PBXNativeTarget "XSFrameworkTests" */;
			buildPhases = (
				CE637C9625CF829CC21E4956 /* [CP] Check Pods Manifest.lock */,
				8CDB5C761FD145AD00187FAD /* Sources */,
				8CDB5C771FD145AD00187FAD /* Frameworks */,
				8CDB5C781FD145AD00187FAD /* Resources */,
				A35C0A874C845D1F85D33907 /* [CP] Embed Pods Frameworks */,
				B9A997BE67E9F4BBD964C497 /* [CP] Copy Pods Resources */,
			);
			buildRules = (
			);
			dependencies = (
				8CDB5C7C1FD145AD00187FAD /* PBXTargetDependency */,
			);
			name = XSFrameworkTests;
			productName = XSFrameworkTests;
			productReference = 8CDB5C7A1FD145AD00187FAD /* XSFrameworkTests.xctest */;
			productType = "com.apple.product-type.bundle.unit-test";
		};
		8CDB5C841FD145AD00187FAD /* XSFrameworkUITests */ = {
			isa = PBXNativeTarget;
			buildConfigurationList = 8CDB5C941FD145AD00187FAD /* Build configuration list for PBXNativeTarget "XSFrameworkUITests" */;
			buildPhases = (
				B341249AAD6AD28F90AD4BAD /* [CP] Check Pods Manifest.lock */,
				8CDB5C811FD145AD00187FAD /* Sources */,
				8CDB5C821FD145AD00187FAD /* Frameworks */,
				8CDB5C831FD145AD00187FAD /* Resources */,
				A3DA2A3BF3F03AAD1C98AD2F /* [CP] Embed Pods Frameworks */,
				C3F2AAF0D1729DDE635961E4 /* [CP] Copy Pods Resources */,
			);
			buildRules = (
			);
			dependencies = (
				8CDB5C871FD145AD00187FAD /* PBXTargetDependency */,
			);
			name = XSFrameworkUITests;
			productName = XSFrameworkUITests;
			productReference = 8CDB5C851FD145AD00187FAD /* XSFrameworkUITests.xctest */;
			productType = "com.apple.product-type.bundle.ui-testing";
		};
/* End PBXNativeTarget section */

/* Begin PBXProject section */
		8CDB5C5A1FD145AD00187FAD /* Project object */ = {
			isa = PBXProject;
			attributes = {
				CLASSPREFIX = XS;
				LastUpgradeCheck = 0910;
				ORGANIZATIONNAME = huangxuesong;
				TargetAttributes = {
					8CDB5C611FD145AD00187FAD = {
						CreatedOnToolsVersion = 9.1;
						ProvisioningStyle = Automatic;
					};
					8CDB5C791FD145AD00187FAD = {
						CreatedOnToolsVersion = 9.1;
						ProvisioningStyle = Automatic;
						TestTargetID = 8CDB5C611FD145AD00187FAD;
					};
					8CDB5C841FD145AD00187FAD = {
						CreatedOnToolsVersion = 9.1;
						ProvisioningStyle = Automatic;
						TestTargetID = 8CDB5C611FD145AD00187FAD;
					};
				};
			};
			buildConfigurationList = 8CDB5C5D1FD145AD00187FAD /* Build configuration list for PBXProject "XSFramework" */;
			compatibilityVersion = "Xcode 8.0";
			developmentRegion = en;
			hasScannedForEncodings = 0;
			knownRegions = (
				en,
				Base,
			);
			mainGroup = 8CDB5C591FD145AD00187FAD;
			productRefGroup = 8CDB5C631FD145AD00187FAD /* Products */;
			projectDirPath = "";
			projectRoot = "";
			targets = (
				8CDB5C611FD145AD00187FAD /* XSFramework */,
				8CDB5C791FD145AD00187FAD /* XSFrameworkTests */,
				8CDB5C841FD145AD00187FAD /* XSFrameworkUITests */,
			);
		};
/* End PBXProject section */

/* Begin PBXResourcesBuildPhase section */
		8CDB5C601FD145AD00187FAD /* Resources */ = {
			isa = PBXResourcesBuildPhase;
			buildActionMask = 2147483647;
			files = (
				8CB4C1301FEB9A1B00D71F6B /* Info.plist in Resources */,
				8CEE3AE71FD4DCEA0016B712 /* main.json in Resources */,
				8CB4C12F1FEB9A1B00D71F6B /* Assets.xcassets in Resources */,
				8CDB5C721FD145AD00187FAD /* LaunchScreen.storyboard in Resources */,
			);
			runOnlyForDeploymentPostprocessing = 0;
		};
		8CDB5C781FD145AD00187FAD /* Resources */ = {
			isa = PBXResourcesBuildPhase;
			buildActionMask = 2147483647;
			files = (
			);
			runOnlyForDeploymentPostprocessing = 0;
		};
		8CDB5C831FD145AD00187FAD /* Resources */ = {
			isa = PBXResourcesBuildPhase;
			buildActionMask = 2147483647;
			files = (
			);
			runOnlyForDeploymentPostprocessing = 0;
		};
/* End PBXResourcesBuildPhase section */

/* Begin PBXShellScriptBuildPhase section */
		3B41F669B643A5072D83F752 /* [CP] Check Pods Manifest.lock */ = {
			isa = PBXShellScriptBuildPhase;
			buildActionMask = 2147483647;
			files = (
			);
			inputPaths = (
				"${PODS_PODFILE_DIR_PATH}/Podfile.lock",
				"${PODS_ROOT}/Manifest.lock",
			);
			name = "[CP] Check Pods Manifest.lock";
			outputPaths = (
				"$(DERIVED_FILE_DIR)/Pods-XSFramework-checkManifestLockResult.txt",
			);
			runOnlyForDeploymentPostprocessing = 0;
			shellPath = /bin/sh;
			shellScript = "diff \"${PODS_PODFILE_DIR_PATH}/Podfile.lock\" \"${PODS_ROOT}/Manifest.lock\" > /dev/null\nif [ $? != 0 ] ; then\n    # print error to STDERR\n    echo \"error: The sandbox is not in sync with the Podfile.lock. Run 'pod install' or update your CocoaPods installation.\" >&2\n    exit 1\nfi\n# This output is used by Xcode 'outputs' to avoid re-running this script phase.\necho \"SUCCESS\" > \"${SCRIPT_OUTPUT_FILE_0}\"\n";
			showEnvVarsInLog = 0;
		};
		68205D9CF921FCC39A2E319F /* [CP] Embed Pods Frameworks */ = {
			isa = PBXShellScriptBuildPhase;
			buildActionMask = 2147483647;
			files = (
			);
			inputPaths = (
				"${SRCROOT}/Pods/Target Support Files/Pods-XSFramework/Pods-XSFramework-frameworks.sh",
				"${BUILT_PRODUCTS_DIR}/AFNetworking/AFNetworking.framework",
				"${BUILT_PRODUCTS_DIR}/MJRefresh/MJRefresh.framework",
				"${BUILT_PRODUCTS_DIR}/Masonry/Masonry.framework",
				"${BUILT_PRODUCTS_DIR}/XSAdditions/XSAdditions.framework",
				"${BUILT_PRODUCTS_DIR}/YYModel/YYModel.framework",
			);
			name = "[CP] Embed Pods Frameworks";
			outputPaths = (
				"${TARGET_BUILD_DIR}/${FRAMEWORKS_FOLDER_PATH}/AFNetworking.framework",
				"${TARGET_BUILD_DIR}/${FRAMEWORKS_FOLDER_PATH}/MJRefresh.framework",
				"${TARGET_BUILD_DIR}/${FRAMEWORKS_FOLDER_PATH}/Masonry.framework",
				"${TARGET_BUILD_DIR}/${FRAMEWORKS_FOLDER_PATH}/XSAdditions.framework",
				"${TARGET_BUILD_DIR}/${FRAMEWORKS_FOLDER_PATH}/YYModel.framework",
			);
			runOnlyForDeploymentPostprocessing = 0;
			shellPath = /bin/sh;
			shellScript = "\"${SRCROOT}/Pods/Target Support Files/Pods-XSFramework/Pods-XSFramework-frameworks.sh\"\n";
			showEnvVarsInLog = 0;
		};
		A35C0A874C845D1F85D33907 /* [CP] Embed Pods Frameworks */ = {
			isa = PBXShellScriptBuildPhase;
			buildActionMask = 2147483647;
			files = (
			);
			inputPaths = (
			);
			name = "[CP] Embed Pods Frameworks";
			outputPaths = (
			);
			runOnlyForDeploymentPostprocessing = 0;
			shellPath = /bin/sh;
			shellScript = "\"${SRCROOT}/Pods/Target Support Files/Pods-XSFrameworkTests/Pods-XSFrameworkTests-frameworks.sh\"\n";
			showEnvVarsInLog = 0;
		};
		A3DA2A3BF3F03AAD1C98AD2F /* [CP] Embed Pods Frameworks */ = {
			isa = PBXShellScriptBuildPhase;
			buildActionMask = 2147483647;
			files = (
			);
			inputPaths = (
			);
			name = "[CP] Embed Pods Frameworks";
			outputPaths = (
			);
			runOnlyForDeploymentPostprocessing = 0;
			shellPath = /bin/sh;
			shellScript = "\"${SRCROOT}/Pods/Target Support Files/Pods-XSFrameworkUITests/Pods-XSFrameworkUITests-frameworks.sh\"\n";
			showEnvVarsInLog = 0;
		};
		B341249AAD6AD28F90AD4BAD /* [CP] Check Pods Manifest.lock */ = {
			isa = PBXShellScriptBuildPhase;
			buildActionMask = 2147483647;
			files = (
			);
			inputPaths = (
				"${PODS_PODFILE_DIR_PATH}/Podfile.lock",
				"${PODS_ROOT}/Manifest.lock",
			);
			name = "[CP] Check Pods Manifest.lock";
			outputPaths = (
				"$(DERIVED_FILE_DIR)/Pods-XSFrameworkUITests-checkManifestLockResult.txt",
			);
			runOnlyForDeploymentPostprocessing = 0;
			shellPath = /bin/sh;
			shellScript = "diff \"${PODS_PODFILE_DIR_PATH}/Podfile.lock\" \"${PODS_ROOT}/Manifest.lock\" > /dev/null\nif [ $? != 0 ] ; then\n    # print error to STDERR\n    echo \"error: The sandbox is not in sync with the Podfile.lock. Run 'pod install' or update your CocoaPods installation.\" >&2\n    exit 1\nfi\n# This output is used by Xcode 'outputs' to avoid re-running this script phase.\necho \"SUCCESS\" > \"${SCRIPT_OUTPUT_FILE_0}\"\n";
			showEnvVarsInLog = 0;
		};
		B9A997BE67E9F4BBD964C497 /* [CP] Copy Pods Resources */ = {
			isa = PBXShellScriptBuildPhase;
			buildActionMask = 2147483647;
			files = (
			);
			inputPaths = (
			);
			name = "[CP] Copy Pods Resources";
			outputPaths = (
			);
			runOnlyForDeploymentPostprocessing = 0;
			shellPath = /bin/sh;
			shellScript = "\"${SRCROOT}/Pods/Target Support Files/Pods-XSFrameworkTests/Pods-XSFrameworkTests-resources.sh\"\n";
			showEnvVarsInLog = 0;
		};
		C3F2AAF0D1729DDE635961E4 /* [CP] Copy Pods Resources */ = {
			isa = PBXShellScriptBuildPhase;
			buildActionMask = 2147483647;
			files = (
			);
			inputPaths = (
			);
			name = "[CP] Copy Pods Resources";
			outputPaths = (
			);
			runOnlyForDeploymentPostprocessing = 0;
			shellPath = /bin/sh;
			shellScript = "\"${SRCROOT}/Pods/Target Support Files/Pods-XSFrameworkUITests/Pods-XSFrameworkUITests-resources.sh\"\n";
			showEnvVarsInLog = 0;
		};
		CE637C9625CF829CC21E4956 /* [CP] Check Pods Manifest.lock */ = {
			isa = PBXShellScriptBuildPhase;
			buildActionMask = 2147483647;
			files = (
			);
			inputPaths = (
				"${PODS_PODFILE_DIR_PATH}/Podfile.lock",
				"${PODS_ROOT}/Manifest.lock",
			);
			name = "[CP] Check Pods Manifest.lock";
			outputPaths = (
				"$(DERIVED_FILE_DIR)/Pods-XSFrameworkTests-checkManifestLockResult.txt",
			);
			runOnlyForDeploymentPostprocessing = 0;
			shellPath = /bin/sh;
			shellScript = "diff \"${PODS_PODFILE_DIR_PATH}/Podfile.lock\" \"${PODS_ROOT}/Manifest.lock\" > /dev/null\nif [ $? != 0 ] ; then\n    # print error to STDERR\n    echo \"error: The sandbox is not in sync with the Podfile.lock. Run 'pod install' or update your CocoaPods installation.\" >&2\n    exit 1\nfi\n# This output is used by Xcode 'outputs' to avoid re-running this script phase.\necho \"SUCCESS\" > \"${SCRIPT_OUTPUT_FILE_0}\"\n";
			showEnvVarsInLog = 0;
		};
		EB33CA288CEEED0DA385E12A /* [CP] Copy Pods Resources */ = {
			isa = PBXShellScriptBuildPhase;
			buildActionMask = 2147483647;
			files = (
			);
			inputPaths = (
			);
			name = "[CP] Copy Pods Resources";
			outputPaths = (
			);
			runOnlyForDeploymentPostprocessing = 0;
			shellPath = /bin/sh;
			shellScript = "\"${SRCROOT}/Pods/Target Support Files/Pods-XSFramework/Pods-XSFramework-resources.sh\"\n";
			showEnvVarsInLog = 0;
		};
/* End PBXShellScriptBuildPhase section */

/* Begin PBXSourcesBuildPhase section */
		8CDB5C5E1FD145AD00187FAD /* Sources */ = {
			isa = PBXSourcesBuildPhase;
			buildActionMask = 2147483647;
			files = (
				8C4F80611FFCDEAB00658E26 /* XSTableViewController.m in Sources */,
				8CF49B7E1FFDC4FB003E7370 /* XSNinthPalaceView.m in Sources */,
				8CDB5CA71FD153BA00187FAD /* XSNewFeatureController.m in Sources */,
				8C4F80531FFCD2A600658E26 /* XSNavigationController.m in Sources */,
				8CDB5CB01FD158CD00187FAD /* XSNewFeatureCell.m in Sources */,
				8CB4C1331FEB9A8800D71F6B /* AppDelegate.m in Sources */,
				8CEE3AE21FD4DBF30016B712 /* XSHomeViewController.m in Sources */,
				8CF49B811FFDCA6A003E7370 /* XSBannerView.m in Sources */,
				8CEE3AE51FD4DBFA0016B712 /* XSMineViewController.m in Sources */,
				8CDB5CA01FD1461F00187FAD /* XSMainTabBarController.m in Sources */,
				8C4F805B1FFCDA9E00658E26 /* XSWebViewController.m in Sources */,
				8C4F80501FFCD1F000658E26 /* XSViewController.m in Sources */,
				8CB4C1371FEBAC8100D71F6B /* XSNetworkingManager.m in Sources */,
				8CDB5CAA1FD153F100187FAD /* XSNewFeatureLayout.m in Sources */,
				8CB4C12E1FEB9A1B00D71F6B /* main.m in Sources */,
			);
			runOnlyForDeploymentPostprocessing = 0;
		};
		8CDB5C761FD145AD00187FAD /* Sources */ = {
			isa = PBXSourcesBuildPhase;
			buildActionMask = 2147483647;
			files = (
				8CDB5C7F1FD145AD00187FAD /* XSFrameworkTests.m in Sources */,
			);
			runOnlyForDeploymentPostprocessing = 0;
		};
		8CDB5C811FD145AD00187FAD /* Sources */ = {
			isa = PBXSourcesBuildPhase;
			buildActionMask = 2147483647;
			files = (
				8CDB5C8A1FD145AD00187FAD /* XSFrameworkUITests.m in Sources */,
			);
			runOnlyForDeploymentPostprocessing = 0;
		};
/* End PBXSourcesBuildPhase section */

/* Begin PBXTargetDependency section */
		8CDB5C7C1FD145AD00187FAD /* PBXTargetDependency */ = {
			isa = PBXTargetDependency;
			target = 8CDB5C611FD145AD00187FAD /* XSFramework */;
			targetProxy = 8CDB5C7B1FD145AD00187FAD /* PBXContainerItemProxy */;
		};
		8CDB5C871FD145AD00187FAD /* PBXTargetDependency */ = {
			isa = PBXTargetDependency;
			target = 8CDB5C611FD145AD00187FAD /* XSFramework */;
			targetProxy = 8CDB5C861FD145AD00187FAD /* PBXContainerItemProxy */;
		};
/* End PBXTargetDependency section */

/* Begin PBXVariantGroup section */
		8CDB5C701FD145AD00187FAD /* LaunchScreen.storyboard */ = {
			isa = PBXVariantGroup;
			children = (
				8CDB5C711FD145AD00187FAD /* Base */,
			);
			name = LaunchScreen.storyboard;
			sourceTree = "<group>";
		};
/* End PBXVariantGroup section */

/* Begin XCBuildConfiguration section */
		8C2822B31FEB85690033DF89 /* TestDebug */ = {
			isa = XCBuildConfiguration;
			buildSettings = {
				ALWAYS_SEARCH_USER_PATHS = NO;
				CLANG_ANALYZER_NONNULL = YES;
				CLANG_ANALYZER_NUMBER_OBJECT_CONVERSION = YES_AGGRESSIVE;
				CLANG_CXX_LANGUAGE_STANDARD = "gnu++14";
				CLANG_CXX_LIBRARY = "libc++";
				CLANG_ENABLE_MODULES = YES;
				CLANG_ENABLE_OBJC_ARC = YES;
				CLANG_WARN_BLOCK_CAPTURE_AUTORELEASING = YES;
				CLANG_WARN_BOOL_CONVERSION = YES;
				CLANG_WARN_COMMA = YES;
				CLANG_WARN_CONSTANT_CONVERSION = YES;
				CLANG_WARN_DIRECT_OBJC_ISA_USAGE = YES_ERROR;
				CLANG_WARN_DOCUMENTATION_COMMENTS = YES;
				CLANG_WARN_EMPTY_BODY = YES;
				CLANG_WARN_ENUM_CONVERSION = YES;
				CLANG_WARN_INFINITE_RECURSION = YES;
				CLANG_WARN_INT_CONVERSION = YES;
				CLANG_WARN_NON_LITERAL_NULL_CONVERSION = YES;
				CLANG_WARN_OBJC_LITERAL_CONVERSION = YES;
				CLANG_WARN_OBJC_ROOT_CLASS = YES_ERROR;
				CLANG_WARN_RANGE_LOOP_ANALYSIS = YES;
				CLANG_WARN_STRICT_PROTOTYPES = YES;
				CLANG_WARN_SUSPICIOUS_MOVE = YES;
				CLANG_WARN_UNGUARDED_AVAILABILITY = YES_AGGRESSIVE;
				CLANG_WARN_UNREACHABLE_CODE = YES;
				CLANG_WARN__DUPLICATE_METHOD_MATCH = YES;
				CODE_SIGN_IDENTITY = "iPhone Developer";
				COPY_PHASE_STRIP = NO;
				CustomAppBundleld = com.product.testDebug;
				CustomAppName = TestDebug;
				DEBUG_INFORMATION_FORMAT = dwarf;
				ENABLE_STRICT_OBJC_MSGSEND = YES;
				ENABLE_TESTABILITY = YES;
				GCC_C_LANGUAGE_STANDARD = gnu11;
				GCC_DYNAMIC_NO_PIC = NO;
				GCC_NO_COMMON_BLOCKS = YES;
				GCC_OPTIMIZATION_LEVEL = 0;
				GCC_PREPROCESSOR_DEFINITIONS = (
					"TESTDEBUG=1",
					"$(inherited)",
				);
				GCC_WARN_64_TO_32_BIT_CONVERSION = YES;
				GCC_WARN_ABOUT_RETURN_TYPE = YES_ERROR;
				GCC_WARN_UNDECLARED_SELECTOR = YES;
				GCC_WARN_UNINITIALIZED_AUTOS = YES_AGGRESSIVE;
				GCC_WARN_UNUSED_FUNCTION = YES;
				GCC_WARN_UNUSED_VARIABLE = YES;
				IPHONEOS_DEPLOYMENT_TARGET = 11.1;
				MTL_ENABLE_DEBUG_INFO = YES;
				ONLY_ACTIVE_ARCH = YES;
				SDKROOT = iphoneos;
			};
			name = TestDebug;
		};
		8C2822B41FEB85690033DF89 /* TestDebug */ = {
			isa = XCBuildConfiguration;
			baseConfigurationReference = E9007BD01940B485BD4E7E1F /* Pods-XSFramework.testdebug.xcconfig */;
			buildSettings = {
				ASSETCATALOG_COMPILER_APPICON_NAME = AppIcon;
				CODE_SIGN_STYLE = Automatic;
				GCC_PREFIX_HEADER = XSFramework/XSFramework_PrefixHeader.pch;
				INFOPLIST_FILE = XSFramework/Info.plist;
				IPHONEOS_DEPLOYMENT_TARGET = 8.0;
				LD_RUNPATH_SEARCH_PATHS = "$(inherited) @executable_path/Frameworks";
				PRODUCT_BUNDLE_IDENTIFIER = CustomAppBundleld;
				PRODUCT_NAME = "$(TARGET_NAME)";
				TARGETED_DEVICE_FAMILY = "1,2";
			};
			name = TestDebug;
		};
		8C2822B51FEB85690033DF89 /* TestDebug */ = {
			isa = XCBuildConfiguration;
			baseConfigurationReference = F19286BA8D769874CC17242E /* Pods-XSFrameworkTests.testdebug.xcconfig */;
			buildSettings = {
				BUNDLE_LOADER = "$(TEST_HOST)";
				CODE_SIGN_STYLE = Automatic;
				INFOPLIST_FILE = XSFrameworkTests/Info.plist;
				LD_RUNPATH_SEARCH_PATHS = "$(inherited) @executable_path/Frameworks @loader_path/Frameworks";
				PRODUCT_BUNDLE_IDENTIFIER = com.huangxuesong.XSFrameworkTests;
				PRODUCT_NAME = "$(TARGET_NAME)";
				TARGETED_DEVICE_FAMILY = "1,2";
				TEST_HOST = "$(BUILT_PRODUCTS_DIR)/XSFramework.app/XSFramework";
			};
			name = TestDebug;
		};
		8C2822B61FEB85690033DF89 /* TestDebug */ = {
			isa = XCBuildConfiguration;
			baseConfigurationReference = BB2E58A895FEF6DCBEE95163 /* Pods-XSFrameworkUITests.testdebug.xcconfig */;
			buildSettings = {
				CODE_SIGN_STYLE = Automatic;
				INFOPLIST_FILE = XSFrameworkUITests/Info.plist;
				LD_RUNPATH_SEARCH_PATHS = "$(inherited) @executable_path/Frameworks @loader_path/Frameworks";
				PRODUCT_BUNDLE_IDENTIFIER = com.huangxuesong.XSFrameworkUITests;
				PRODUCT_NAME = "$(TARGET_NAME)";
				TARGETED_DEVICE_FAMILY = "1,2";
				TEST_TARGET_NAME = XSFramework;
			};
			name = TestDebug;
		};
		8CDB5C8C1FD145AD00187FAD /* Debug */ = {
			isa = XCBuildConfiguration;
			buildSettings = {
				ALWAYS_SEARCH_USER_PATHS = NO;
				CLANG_ANALYZER_NONNULL = YES;
				CLANG_ANALYZER_NUMBER_OBJECT_CONVERSION = YES_AGGRESSIVE;
				CLANG_CXX_LANGUAGE_STANDARD = "gnu++14";
				CLANG_CXX_LIBRARY = "libc++";
				CLANG_ENABLE_MODULES = YES;
				CLANG_ENABLE_OBJC_ARC = YES;
				CLANG_WARN_BLOCK_CAPTURE_AUTORELEASING = YES;
				CLANG_WARN_BOOL_CONVERSION = YES;
				CLANG_WARN_COMMA = YES;
				CLANG_WARN_CONSTANT_CONVERSION = YES;
				CLANG_WARN_DIRECT_OBJC_ISA_USAGE = YES_ERROR;
				CLANG_WARN_DOCUMENTATION_COMMENTS = YES;
				CLANG_WARN_EMPTY_BODY = YES;
				CLANG_WARN_ENUM_CONVERSION = YES;
				CLANG_WARN_INFINITE_RECURSION = YES;
				CLANG_WARN_INT_CONVERSION = YES;
				CLANG_WARN_NON_LITERAL_NULL_CONVERSION = YES;
				CLANG_WARN_OBJC_LITERAL_CONVERSION = YES;
				CLANG_WARN_OBJC_ROOT_CLASS = YES_ERROR;
				CLANG_WARN_RANGE_LOOP_ANALYSIS = YES;
				CLANG_WARN_STRICT_PROTOTYPES = YES;
				CLANG_WARN_SUSPICIOUS_MOVE = YES;
				CLANG_WARN_UNGUARDED_AVAILABILITY = YES_AGGRESSIVE;
				CLANG_WARN_UNREACHABLE_CODE = YES;
				CLANG_WARN__DUPLICATE_METHOD_MATCH = YES;
				CODE_SIGN_IDENTITY = "iPhone Developer";
				COPY_PHASE_STRIP = NO;
				CustomAppBundleld = com.product.debug;
				CustomAppName = Debug;
				DEBUG_INFORMATION_FORMAT = dwarf;
				ENABLE_STRICT_OBJC_MSGSEND = YES;
				ENABLE_TESTABILITY = YES;
				GCC_C_LANGUAGE_STANDARD = gnu11;
				GCC_DYNAMIC_NO_PIC = NO;
				GCC_NO_COMMON_BLOCKS = YES;
				GCC_OPTIMIZATION_LEVEL = 0;
				GCC_PREPROCESSOR_DEFINITIONS = (
					"DEBUG=1",
					"$(inherited)",
				);
				GCC_WARN_64_TO_32_BIT_CONVERSION = YES;
				GCC_WARN_ABOUT_RETURN_TYPE = YES_ERROR;
				GCC_WARN_UNDECLARED_SELECTOR = YES;
				GCC_WARN_UNINITIALIZED_AUTOS = YES_AGGRESSIVE;
				GCC_WARN_UNUSED_FUNCTION = YES;
				GCC_WARN_UNUSED_VARIABLE = YES;
				IPHONEOS_DEPLOYMENT_TARGET = 11.1;
				MTL_ENABLE_DEBUG_INFO = YES;
				ONLY_ACTIVE_ARCH = YES;
				SDKROOT = iphoneos;
			};
			name = Debug;
		};
		8CDB5C8D1FD145AD00187FAD /* Release */ = {
			isa = XCBuildConfiguration;
			buildSettings = {
				ALWAYS_SEARCH_USER_PATHS = NO;
				CLANG_ANALYZER_NONNULL = YES;
				CLANG_ANALYZER_NUMBER_OBJECT_CONVERSION = YES_AGGRESSIVE;
				CLANG_CXX_LANGUAGE_STANDARD = "gnu++14";
				CLANG_CXX_LIBRARY = "libc++";
				CLANG_ENABLE_MODULES = YES;
				CLANG_ENABLE_OBJC_ARC = YES;
				CLANG_WARN_BLOCK_CAPTURE_AUTORELEASING = YES;
				CLANG_WARN_BOOL_CONVERSION = YES;
				CLANG_WARN_COMMA = YES;
				CLANG_WARN_CONSTANT_CONVERSION = YES;
				CLANG_WARN_DIRECT_OBJC_ISA_USAGE = YES_ERROR;
				CLANG_WARN_DOCUMENTATION_COMMENTS = YES;
				CLANG_WARN_EMPTY_BODY = YES;
				CLANG_WARN_ENUM_CONVERSION = YES;
				CLANG_WARN_INFINITE_RECURSION = YES;
				CLANG_WARN_INT_CONVERSION = YES;
				CLANG_WARN_NON_LITERAL_NULL_CONVERSION = YES;
				CLANG_WARN_OBJC_LITERAL_CONVERSION = YES;
				CLANG_WARN_OBJC_ROOT_CLASS = YES_ERROR;
				CLANG_WARN_RANGE_LOOP_ANALYSIS = YES;
				CLANG_WARN_STRICT_PROTOTYPES = YES;
				CLANG_WARN_SUSPICIOUS_MOVE = YES;
				CLANG_WARN_UNGUARDED_AVAILABILITY = YES_AGGRESSIVE;
				CLANG_WARN_UNREACHABLE_CODE = YES;
				CLANG_WARN__DUPLICATE_METHOD_MATCH = YES;
				CODE_SIGN_IDENTITY = "iPhone Developer";
				COPY_PHASE_STRIP = NO;
				CustomAppBundleld = com.product.release;
				CustomAppName = Release;
				DEBUG_INFORMATION_FORMAT = "dwarf-with-dsym";
				ENABLE_NS_ASSERTIONS = NO;
				ENABLE_STRICT_OBJC_MSGSEND = YES;
				GCC_C_LANGUAGE_STANDARD = gnu11;
				GCC_NO_COMMON_BLOCKS = YES;
				GCC_WARN_64_TO_32_BIT_CONVERSION = YES;
				GCC_WARN_ABOUT_RETURN_TYPE = YES_ERROR;
				GCC_WARN_UNDECLARED_SELECTOR = YES;
				GCC_WARN_UNINITIALIZED_AUTOS = YES_AGGRESSIVE;
				GCC_WARN_UNUSED_FUNCTION = YES;
				GCC_WARN_UNUSED_VARIABLE = YES;
				IPHONEOS_DEPLOYMENT_TARGET = 11.1;
				MTL_ENABLE_DEBUG_INFO = NO;
				SDKROOT = iphoneos;
				VALIDATE_PRODUCT = YES;
			};
			name = Release;
		};
		8CDB5C8F1FD145AD00187FAD /* Debug */ = {
			isa = XCBuildConfiguration;
			baseConfigurationReference = 2F189B082FF9FED5A73D4E4B /* Pods-XSFramework.debug.xcconfig */;
			buildSettings = {
				ASSETCATALOG_COMPILER_APPICON_NAME = AppIcon;
				CODE_SIGN_STYLE = Automatic;
				GCC_PREFIX_HEADER = XSFramework/XSFramework_PrefixHeader.pch;
				INFOPLIST_FILE = XSFramework/Info.plist;
				IPHONEOS_DEPLOYMENT_TARGET = 8.0;
				LD_RUNPATH_SEARCH_PATHS = "$(inherited) @executable_path/Frameworks";
				PRODUCT_BUNDLE_IDENTIFIER = CustomAppBundleld;
				PRODUCT_NAME = "$(TARGET_NAME)";
				TARGETED_DEVICE_FAMILY = "1,2";
			};
			name = Debug;
		};
		8CDB5C901FD145AD00187FAD /* Release */ = {
			isa = XCBuildConfiguration;
			baseConfigurationReference = 0E0D1FEC4DB9619C3F8DCF28 /* Pods-XSFramework.release.xcconfig */;
			buildSettings = {
				ASSETCATALOG_COMPILER_APPICON_NAME = AppIcon;
				CODE_SIGN_STYLE = Automatic;
				GCC_PREFIX_HEADER = XSFramework/XSFramework_PrefixHeader.pch;
				INFOPLIST_FILE = XSFramework/Info.plist;
				IPHONEOS_DEPLOYMENT_TARGET = 8.0;
				LD_RUNPATH_SEARCH_PATHS = "$(inherited) @executable_path/Frameworks";
				PRODUCT_BUNDLE_IDENTIFIER = CustomAppBundleld;
				PRODUCT_NAME = "$(TARGET_NAME)";
				TARGETED_DEVICE_FAMILY = "1,2";
			};
			name = Release;
		};
		8CDB5C921FD145AD00187FAD /* Debug */ = {
			isa = XCBuildConfiguration;
			baseConfigurationReference = FDBE068B6B9B272FA43C82FF /* Pods-XSFrameworkTests.debug.xcconfig */;
			buildSettings = {
				BUNDLE_LOADER = "$(TEST_HOST)";
				CODE_SIGN_STYLE = Automatic;
				INFOPLIST_FILE = XSFrameworkTests/Info.plist;
				LD_RUNPATH_SEARCH_PATHS = "$(inherited) @executable_path/Frameworks @loader_path/Frameworks";
				PRODUCT_BUNDLE_IDENTIFIER = com.huangxuesong.XSFrameworkTests;
				PRODUCT_NAME = "$(TARGET_NAME)";
				TARGETED_DEVICE_FAMILY = "1,2";
				TEST_HOST = "$(BUILT_PRODUCTS_DIR)/XSFramework.app/XSFramework";
			};
			name = Debug;
		};
		8CDB5C931FD145AD00187FAD /* Release */ = {
			isa = XCBuildConfiguration;
			baseConfigurationReference = D7BA0B36539C3464402EE546 /* Pods-XSFrameworkTests.release.xcconfig */;
			buildSettings = {
				BUNDLE_LOADER = "$(TEST_HOST)";
				CODE_SIGN_STYLE = Automatic;
				INFOPLIST_FILE = XSFrameworkTests/Info.plist;
				LD_RUNPATH_SEARCH_PATHS = "$(inherited) @executable_path/Frameworks @loader_path/Frameworks";
				PRODUCT_BUNDLE_IDENTIFIER = com.huangxuesong.XSFrameworkTests;
				PRODUCT_NAME = "$(TARGET_NAME)";
				TARGETED_DEVICE_FAMILY = "1,2";
				TEST_HOST = "$(BUILT_PRODUCTS_DIR)/XSFramework.app/XSFramework";
			};
			name = Release;
		};
		8CDB5C951FD145AD00187FAD /* Debug */ = {
			isa = XCBuildConfiguration;
			baseConfigurationReference = E1ADD35CA61730F9AE7789BD /* Pods-XSFrameworkUITests.debug.xcconfig */;
			buildSettings = {
				CODE_SIGN_STYLE = Automatic;
				INFOPLIST_FILE = XSFrameworkUITests/Info.plist;
				LD_RUNPATH_SEARCH_PATHS = "$(inherited) @executable_path/Frameworks @loader_path/Frameworks";
				PRODUCT_BUNDLE_IDENTIFIER = com.huangxuesong.XSFrameworkUITests;
				PRODUCT_NAME = "$(TARGET_NAME)";
				TARGETED_DEVICE_FAMILY = "1,2";
				TEST_TARGET_NAME = XSFramework;
			};
			name = Debug;
		};
		8CDB5C961FD145AD00187FAD /* Release */ = {
			isa = XCBuildConfiguration;
			baseConfigurationReference = F0FF9EAC538AD7CF2D5CF00B /* Pods-XSFrameworkUITests.release.xcconfig */;
			buildSettings = {
				CODE_SIGN_STYLE = Automatic;
				INFOPLIST_FILE = XSFrameworkUITests/Info.plist;
				LD_RUNPATH_SEARCH_PATHS = "$(inherited) @executable_path/Frameworks @loader_path/Frameworks";
				PRODUCT_BUNDLE_IDENTIFIER = com.huangxuesong.XSFrameworkUITests;
				PRODUCT_NAME = "$(TARGET_NAME)";
				TARGETED_DEVICE_FAMILY = "1,2";
				TEST_TARGET_NAME = XSFramework;
			};
			name = Release;
		};
/* End XCBuildConfiguration section */

/* Begin XCConfigurationList section */
		8CDB5C5D1FD145AD00187FAD /* Build configuration list for PBXProject "XSFramework" */ = {
			isa = XCConfigurationList;
			buildConfigurations = (
				8CDB5C8C1FD145AD00187FAD /* Debug */,
				8C2822B31FEB85690033DF89 /* TestDebug */,
				8CDB5C8D1FD145AD00187FAD /* Release */,
			);
			defaultConfigurationIsVisible = 0;
			defaultConfigurationName = Release;
		};
		8CDB5C8E1FD145AD00187FAD /* Build configuration list for PBXNativeTarget "XSFramework" */ = {
			isa = XCConfigurationList;
			buildConfigurations = (
				8CDB5C8F1FD145AD00187FAD /* Debug */,
				8C2822B41FEB85690033DF89 /* TestDebug */,
				8CDB5C901FD145AD00187FAD /* Release */,
			);
			defaultConfigurationIsVisible = 0;
			defaultConfigurationName = Release;
		};
		8CDB5C911FD145AD00187FAD /* Build configuration list for PBXNativeTarget "XSFrameworkTests" */ = {
			isa = XCConfigurationList;
			buildConfigurations = (
				8CDB5C921FD145AD00187FAD /* Debug */,
				8C2822B51FEB85690033DF89 /* TestDebug */,
				8CDB5C931FD145AD00187FAD /* Release */,
			);
			defaultConfigurationIsVisible = 0;
			defaultConfigurationName = Release;
		};
		8CDB5C941FD145AD00187FAD /* Build configuration list for PBXNativeTarget "XSFrameworkUITests" */ = {
			isa = XCConfigurationList;
			buildConfigurations = (
				8CDB5C951FD145AD00187FAD /* Debug */,
				8C2822B61FEB85690033DF89 /* TestDebug */,
				8CDB5C961FD145AD00187FAD /* Release */,
			);
			defaultConfigurationIsVisible = 0;
			defaultConfigurationName = Release;
		};
/* End XCConfigurationList section */
	};
	rootObject = 8CDB5C5A1FD145AD00187FAD /* Project object */;
}
